{
  "nodes": {
    "flake-parts": {
      "inputs": {
        "nixpkgs-lib": "nixpkgs-lib"
      },
      "locked": {
        "lastModified": 1741352980,
        "narHash": "sha256-+u2UunDA4Cl5Fci3m7S643HzKmIDAe+fiXrLqYsR2fs=",
        "owner": "hercules-ci",
        "repo": "flake-parts",
        "rev": "f4330d22f1c5d2ba72d3d22df5597d123fdb60a9",
        "type": "github"
      },
      "original": {
        "owner": "hercules-ci",
        "repo": "flake-parts",
        "type": "github"
      }
    },
    "lutris-overlay": {
      "inputs": {
        "nixpkgs": "nixpkgs",
        "umu": "umu",
        "wine-overlays": "wine-overlays"
      },
      "locked": {
        "lastModified": 1742723004,
        "narHash": "sha256-XuyVa7Z/ahwuWcegJ0+0NHNw8VM6/GEQUTF5TVnVcyo=",
        "owner": "clemenscodes",
        "repo": "lutris-overlay",
        "rev": "8dce28f7c580b10eb71bbef4305d328548814fcb",
        "type": "github"
      },
      "original": {
        "owner": "clemenscodes",
        "repo": "lutris-overlay",
        "type": "github"
      }
    },
    "nix-gaming": {
      "inputs": {
        "flake-parts": "flake-parts",
        "nixpkgs": "nixpkgs_3"
      },
      "locked": {
        "lastModified": 1742694749,
        "narHash": "sha256-hH/Wofw+RKBbcTMuzCvvgPrnTkmEZd54bOsT0QR7EJM=",
        "owner": "fufexan",
        "repo": "nix-gaming",
        "rev": "1491461d4a47f61264df62863ed163a00192b2f1",
        "type": "github"
      },
      "original": {
        "owner": "fufexan",
        "repo": "nix-gaming",
        "type": "github"
      }
    },
    "nixpkgs": {
      "locked": {
        "lastModified": 1742422364,
        "narHash": "sha256-mNqIplmEohk5jRkqYqG19GA8MbQ/D4gQSK0Mu4LvfRQ=",
        "owner": "NixOS",
        "repo": "nixpkgs",
        "rev": "a84ebe20c6bc2ecbcfb000a50776219f48d134cc",
        "type": "github"
      },
      "original": {
        "owner": "NixOS",
        "ref": "nixos-unstable",
        "repo": "nixpkgs",
        "type": "github"
      }
    },
    "nixpkgs-lib": {
      "locked": {
        "lastModified": 1740877520,
        "narHash": "sha256-oiwv/ZK/2FhGxrCkQkB83i7GnWXPPLzoqFHpDD3uYpk=",
        "owner": "nix-community",
        "repo": "nixpkgs.lib",
        "rev": "147dee35aab2193b174e4c0868bd80ead5ce755c",
        "type": "github"
      },
      "original": {
        "owner": "nix-community",
        "repo": "nixpkgs.lib",
        "type": "github"
      }
    },
    "nixpkgs_2": {
      "locked": {
        "lastModified": 1742422364,
        "narHash": "sha256-mNqIplmEohk5jRkqYqG19GA8MbQ/D4gQSK0Mu4LvfRQ=",
        "owner": "NixOS",
        "repo": "nixpkgs",
        "rev": "a84ebe20c6bc2ecbcfb000a50776219f48d134cc",
        "type": "github"
      },
      "original": {
        "owner": "NixOS",
        "ref": "nixos-unstable",
        "repo": "nixpkgs",
        "type": "github"
      }
    },
    "nixpkgs_3": {
      "locked": {
        "lastModified": 1742606399,
        "narHash": "sha256-NAxwF5cjgh8o5aylhePXWNQETCWYaTpNvdO2bMfINpQ=",
        "owner": "NixOS",
        "repo": "nixpkgs",
        "rev": "0740f6f238767d4caf9afe774d3e88105766dfc6",
        "type": "github"
      },
      "original": {
        "owner": "NixOS",
        "ref": "nixpkgs-unstable",
        "repo": "nixpkgs",
        "type": "github"
      }
    },
    "nixpkgs_4": {
      "locked": {
        "lastModified": 1742422364,
        "narHash": "sha256-mNqIplmEohk5jRkqYqG19GA8MbQ/D4gQSK0Mu4LvfRQ=",
        "owner": "NixOS",
        "repo": "nixpkgs",
        "rev": "a84ebe20c6bc2ecbcfb000a50776219f48d134cc",
        "type": "github"
      },
      "original": {
        "owner": "NixOS",
        "ref": "nixos-unstable",
        "repo": "nixpkgs",
        "type": "github"
      }
    },
    "nixpkgs_5": {
      "locked": {
        "lastModified": 1742422364,
        "narHash": "sha256-mNqIplmEohk5jRkqYqG19GA8MbQ/D4gQSK0Mu4LvfRQ=",
        "owner": "NixOS",
        "repo": "nixpkgs",
        "rev": "a84ebe20c6bc2ecbcfb000a50776219f48d134cc",
        "type": "github"
      },
      "original": {
        "owner": "NixOS",
        "ref": "nixos-unstable",
        "repo": "nixpkgs",
        "type": "github"
      }
    },
    "root": {
      "inputs": {
        "lutris-overlay": "lutris-overlay",
        "nix-gaming": "nix-gaming",
        "nixpkgs": "nixpkgs_4",
        "umu": "umu_2",
        "wine-overlays": "wine-overlays_2"
      }
    },
    "umu": {
      "inputs": {
        "nixpkgs": [
          "lutris-overlay",
          "nixpkgs"
        ]
      },
      "locked": {
        "dir": "packaging/nix",
        "lastModified": 1742441912,
        "narHash": "sha256-8379sxse20nhUT6VcjjpsDmYoT8EJQCy0E8bLZZdos8=",
        "owner": "Open-Wine-Components",
        "repo": "umu-launcher",
        "rev": "28eef5f5638d5660fb2d7c1811c8f2915a5e8c5b",
        "type": "github"
      },
      "original": {
        "dir": "packaging/nix",
        "owner": "Open-Wine-Components",
        "repo": "umu-launcher",
        "type": "github"
      }
    },
    "umu_2": {
      "inputs": {
        "nixpkgs": [
          "nixpkgs"
        ]
      },
      "locked": {
        "dir": "packaging/nix",
        "lastModified": 1742441912,
        "narHash": "sha256-8379sxse20nhUT6VcjjpsDmYoT8EJQCy0E8bLZZdos8=",
        "owner": "Open-Wine-Components",
        "repo": "umu-launcher",
        "rev": "28eef5f5638d5660fb2d7c1811c8f2915a5e8c5b",
        "type": "github"
      },
      "original": {
        "dir": "packaging/nix",
        "owner": "Open-Wine-Components",
        "repo": "umu-launcher",
        "type": "github"
      }
    },
    "wine-overlays": {
      "inputs": {
        "nixpkgs": "nixpkgs_2"
      },
      "locked": {
        "lastModified": 1742712498,
        "narHash": "sha256-hxNlfzLz8p4eEa0TLU+tqvkv1St/FPP+4EbHRaCocSg=",
        "owner": "clemenscodes",
        "repo": "wine-overlays",
        "rev": "727ade17bb804a2af2d755535fe2eba017eba2e9",
        "type": "github"
      },
      "original": {
        "owner": "clemenscodes",
        "repo": "wine-overlays",
        "type": "github"
      }
    },
    "wine-overlays_2": {
      "inputs": {
        "nixpkgs": "nixpkgs_5"
      },
      "locked": {
        "lastModified": 1742717784,
        "narHash": "sha256-OAQVNkf1PYmJQmikQizjE0ixrOn1T9N7+RvEdxajQ+c=",
        "owner": "clemenscodes",
        "repo": "wine-overlays",
        "rev": "c77a31516eec84bc49b1bdb6fe1b7d7eb7795ab4",
        "type": "github"
      },
      "original": {
        "owner": "clemenscodes",
        "repo": "wine-overlays",
        "type": "github"
      }
    }
  },
  "root": "root",
  "version": 7
}
