{
  "nodes": {
    "lutris-overlay": {
      "inputs": {
        "nixpkgs": "nixpkgs",
        "umu": "umu",
        "wine-overlays": "wine-overlays"
      },
      "locked": {
        "lastModified": 1742715432,
        "narHash": "sha256-PDZQQzKwFuFNv4FTNRJ9zonmZfpkDO3+9kzSZzAFfJc=",
        "owner": "clemenscodes",
        "repo": "lutris-overlay",
        "rev": "2f2a6341c6d041e33468f912724ad6e5040ce8bc",
        "type": "github"
      },
      "original": {
        "owner": "clemenscodes",
        "repo": "lutris-overlay",
        "type": "github"
      }
    },
    "nixpkgs": {
      "locked": {
        "lastModified": 1742422364,
        "narHash": "sha256-mNqIplmEohk5jRkqYqG19GA8MbQ/D4gQSK0Mu4LvfRQ=",
        "owner": "NixOS",
        "repo": "nixpkgs",
        "rev": "a84ebe20c6bc2ecbcfb000a50776219f48d134cc",
        "type": "github"
      },
      "original": {
        "owner": "NixOS",
        "ref": "nixos-unstable",
        "repo": "nixpkgs",
        "type": "github"
      }
    },
    "nixpkgs_2": {
      "locked": {
        "lastModified": 1742422364,
        "narHash": "sha256-mNqIplmEohk5jRkqYqG19GA8MbQ/D4gQSK0Mu4LvfRQ=",
        "owner": "NixOS",
        "repo": "nixpkgs",
        "rev": "a84ebe20c6bc2ecbcfb000a50776219f48d134cc",
        "type": "github"
      },
      "original": {
        "owner": "NixOS",
        "ref": "nixos-unstable",
        "repo": "nixpkgs",
        "type": "github"
      }
    },
    "nixpkgs_3": {
      "locked": {
        "lastModified": 1742288794,
        "narHash": "sha256-Txwa5uO+qpQXrNG4eumPSD+hHzzYi/CdaM80M9XRLCo=",
        "owner": "NixOS",
        "repo": "nixpkgs",
        "rev": "b6eaf97c6960d97350c584de1b6dcff03c9daf42",
        "type": "github"
      },
      "original": {
        "owner": "NixOS",
        "ref": "nixos-unstable",
        "repo": "nixpkgs",
        "type": "github"
      }
    },
    "nixpkgs_4": {
      "locked": {
        "lastModified": 1742422364,
        "narHash": "sha256-mNqIplmEohk5jRkqYqG19GA8MbQ/D4gQSK0Mu4LvfRQ=",
        "owner": "NixOS",
        "repo": "nixpkgs",
        "rev": "a84ebe20c6bc2ecbcfb000a50776219f48d134cc",
        "type": "github"
      },
      "original": {
        "owner": "NixOS",
        "ref": "nixos-unstable",
        "repo": "nixpkgs",
        "type": "github"
      }
    },
    "root": {
      "inputs": {
        "lutris-overlay": "lutris-overlay",
        "nixpkgs": "nixpkgs_3",
        "umu": "umu_2",
        "wine-overlays": "wine-overlays_2"
      }
    },
    "umu": {
      "inputs": {
        "nixpkgs": [
          "lutris-overlay",
          "nixpkgs"
        ]
      },
      "locked": {
        "dir": "packaging/nix",
        "lastModified": 1742441912,
        "narHash": "sha256-8379sxse20nhUT6VcjjpsDmYoT8EJQCy0E8bLZZdos8=",
        "owner": "Open-Wine-Components",
        "repo": "umu-launcher",
        "rev": "28eef5f5638d5660fb2d7c1811c8f2915a5e8c5b",
        "type": "github"
      },
      "original": {
        "dir": "packaging/nix",
        "owner": "Open-Wine-Components",
        "repo": "umu-launcher",
        "type": "github"
      }
    },
    "umu_2": {
      "inputs": {
        "nixpkgs": [
          "nixpkgs"
        ]
      },
      "locked": {
        "dir": "packaging/nix",
        "lastModified": 1742441912,
        "narHash": "sha256-8379sxse20nhUT6VcjjpsDmYoT8EJQCy0E8bLZZdos8=",
        "owner": "Open-Wine-Components",
        "repo": "umu-launcher",
        "rev": "28eef5f5638d5660fb2d7c1811c8f2915a5e8c5b",
        "type": "github"
      },
      "original": {
        "dir": "packaging/nix",
        "owner": "Open-Wine-Components",
        "repo": "umu-launcher",
        "type": "github"
      }
    },
    "wine-overlays": {
      "inputs": {
        "nixpkgs": "nixpkgs_2"
      },
      "locked": {
        "lastModified": 1742712498,
        "narHash": "sha256-hxNlfzLz8p4eEa0TLU+tqvkv1St/FPP+4EbHRaCocSg=",
        "owner": "clemenscodes",
        "repo": "wine-overlays",
        "rev": "727ade17bb804a2af2d755535fe2eba017eba2e9",
        "type": "github"
      },
      "original": {
        "owner": "clemenscodes",
        "repo": "wine-overlays",
        "type": "github"
      }
    },
    "wine-overlays_2": {
      "inputs": {
        "nixpkgs": "nixpkgs_4"
      },
      "locked": {
        "lastModified": 1742712498,
        "narHash": "sha256-hxNlfzLz8p4eEa0TLU+tqvkv1St/FPP+4EbHRaCocSg=",
        "owner": "clemenscodes",
        "repo": "wine-overlays",
        "rev": "727ade17bb804a2af2d755535fe2eba017eba2e9",
        "type": "github"
      },
      "original": {
        "owner": "clemenscodes",
        "repo": "wine-overlays",
        "type": "github"
      }
    }
  },
  "root": "root",
  "version": 7
}
